
Microsoft Visual Studio Solution File, Format Version 12.00
# Visual Studio Version 17
VisualStudioVersion = 17.8.34330.188
MinimumVisualStudioVersion = 10.0.40219.1
Project("{FAE04EC0-301F-11D3-BF4B-00C04F79EFBC}") = "Olx2.0", "Olx2.0.csproj", "{7836DA1C-5EA8-4604-BA4A-770DA96B80F0}"
EndProject
Global
	GlobalSection(SolutionConfigurationPlatforms) = preSolution
		Debug|Any CPU = Debug|Any CPU
		Release|Any CPU = Release|Any CPU
	EndGlobalSection
	GlobalSection(ProjectConfigurationPlatforms) = postSolution
		{7836DA1C-5EA8-4604-BA4A-770DA96B80F0}.Debug|Any CPU.ActiveCfg = Debug|Any CPU
		{7836DA1C-5EA8-4604-BA4A-770DA96B80F0}.Debug|Any CPU.Build.0 = Debug|Any CPU
		{7836DA1C-5EA8-4604-BA4A-770DA96B80F0}.Release|Any CPU.ActiveCfg = Release|Any CPU
		{7836DA1C-5EA8-4604-BA4A-770DA96B80F0}.Release|Any CPU.Build.0 = Release|Any CPU
	EndGlobalSection
	GlobalSection(SolutionProperties) = preSolution
		HideSolutionNode = FALSE
	EndGlobalSection
	GlobalSection(ExtensibilityGlobals) = postSolution
		SolutionGuid = {929AC21C-7729-4B81-86C9-68744942CAC4}
	EndGlobalSection
EndGlobal
